
Microsoft Visual Studio Solution File, Format Version 12.00
# Visual Studio Version 16
VisualStudioVersion = 16.0.30907.101
MinimumVisualStudioVersion = 10.0.40219.1
Project("{9A19103F-16F7-4668-BE54-9A1E7A4F7556}") = "BLAZORGalery", "BLAZORGalery\BLAZORGalery.csproj", "{C32C0971-B481-4FF7-97C0-E41AA3A0201F}"
EndProject
Global
	GlobalSection(SolutionConfigurationPlatforms) = preSolution
		Debug|Any CPU = Debug|Any CPU
		Release|Any CPU = Release|Any CPU
	EndGlobalSection
	GlobalSection(ProjectConfigurationPlatforms) = postSolution
		{C32C0971-B481-4FF7-97C0-E41AA3A0201F}.Debug|Any CPU.ActiveCfg = Debug|Any CPU
		{C32C0971-B481-4FF7-97C0-E41AA3A0201F}.Debug|Any CPU.Build.0 = Debug|Any CPU
		{C32C0971-B481-4FF7-97C0-E41AA3A0201F}.Release|Any CPU.ActiveCfg = Release|Any CPU
		{C32C0971-B481-4FF7-97C0-E41AA3A0201F}.Release|Any CPU.Build.0 = Release|Any CPU
	EndGlobalSection
	GlobalSection(SolutionProperties) = preSolution
		HideSolutionNode = FALSE
	EndGlobalSection
	GlobalSection(ExtensibilityGlobals) = postSolution
		SolutionGuid = {39D336FF-4EED-4A42-910B-E14329D4697A}
	EndGlobalSection
EndGlobal
